
Microsoft Visual Studio Solution File, Format Version 12.00
# Visual Studio 15
VisualStudioVersion = 15.0.27004.2005
MinimumVisualStudioVersion = 10.0.40219.1
Project("{FAE04EC0-301F-11D3-BF4B-00C04F79EFBC}") = "CarSimulator", "Car\CarSimulator.csproj", "{5B1D7B52-68A3-40F1-B269-9ACFAD6EE8DF}"
EndProject
Global
	GlobalSection(SolutionConfigurationPlatforms) = preSolution
		Debug|Any CPU = Debug|Any CPU
		Release|Any CPU = Release|Any CPU
	EndGlobalSection
	GlobalSection(ProjectConfigurationPlatforms) = postSolution
		{5B1D7B52-68A3-40F1-B269-9ACFAD6EE8DF}.Debug|Any CPU.ActiveCfg = Debug|Any CPU
		{5B1D7B52-68A3-40F1-B269-9ACFAD6EE8DF}.Debug|Any CPU.Build.0 = Debug|Any CPU
		{5B1D7B52-68A3-40F1-B269-9ACFAD6EE8DF}.Release|Any CPU.ActiveCfg = Release|Any CPU
		{5B1D7B52-68A3-40F1-B269-9ACFAD6EE8DF}.Release|Any CPU.Build.0 = Release|Any CPU
	EndGlobalSection
	GlobalSection(SolutionProperties) = preSolution
		HideSolutionNode = FALSE
	EndGlobalSection
	GlobalSection(ExtensibilityGlobals) = postSolution
		SolutionGuid = {1BC71DE7-5696-45AA-8029-D8442197C535}
	EndGlobalSection
EndGlobal
